{
  "originHash" : "db79fcc1e89ddda40b63c6b4784113d9a3818a7e51c1cbcb2a074b98d190aa0f",
  "pins" : [
    {
      "identity" : "kmp-nativecoroutines",
      "kind" : "remoteSourceControl",
      "location" : "https://github.com/rickclephas/KMP-NativeCoroutines.git",
      "state" : {
        "revision" : "7b54f2e2802ed271b7eacd9b523790adbcc8c6d9",
        "version" : "1.0.0-ALPHA-33-spm-async"
      }
    },
    {
      "identity" : "kmp-observableviewmodel",
      "kind" : "remoteSourceControl",
      "location" : "https://github.com/rickclephas/KMP-ObservableViewModel",
      "state" : {
        "revision" : "a94525baa10dfb5870d16b9a7155e0854deb705c",
        "version" : "1.0.0-BETA-3"
      }
    }
  ],
  "version" : 3
}
