{
  "originHash" : "db79fcc1e89ddda40b63c6b4784113d9a3818a7e51c1cbcb2a074b98d190aa0f",
  "pins" : [
    {
      "identity" : "kmp-nativecoroutines",
      "kind" : "remoteSourceControl",
      "location" : "https://github.com/rickclephas/KMP-NativeCoroutines.git",
      "state" : {
        "revision" : "3553f4bfccf904f7cd58f3f32761d61c4e1640ea",
        "version" : "1.0.0-ALPHA-41-spm-async"
      }
    },
    {
      "identity" : "kmp-observableviewmodel",
      "kind" : "remoteSourceControl",
      "location" : "https://github.com/rickclephas/KMP-ObservableViewModel",
      "state" : {
        "revision" : "4515918e84556c234b057f26dcdc3478df99b487",
        "version" : "1.0.0-BETA-10"
      }
    }
  ],
  "version" : 3
}
