// !$*UTF8*$!
{
	archiveVersion = 1;
	classes = {
	};
	objectVersion = 46;
	objects = {

/* Begin PBXFileReference section */
		3932828801841158B0ECBD49 /* Info.plist */ = {isa = PBXFileReference; fileEncoding = 4; lastKnownFileType = text.plist.info; name = Info.plist; path = src/Info.plist; sourceTree = "<group>"; };
		39328EB19338E4C968938165 /* iosApp.app */ = {isa = PBXFileReference; explicitFileType = wrapper.application; includeInIndex = 0; path = iosApp.app; sourceTree = BUILT_PRODUCTS_DIR; };
/* End PBXFileReference section */

/* Begin PBXFileSystemSynchronizedBuildFileExceptionSet section */
		393283536DE23C7351F8EE5D /* PBXFileSystemSynchronizedBuildFileExceptionSet */ = {
			isa = PBXFileSystemSynchronizedBuildFileExceptionSet;
			membershipExceptions = (
				Info.plist,
			);
			target = 39328533D0CE065BF4B94F89 /* app */;
		};
/* End PBXFileSystemSynchronizedBuildFileExceptionSet section */

/* Begin PBXFileSystemSynchronizedRootGroup section */
		3932829DBF51BBABB904748B /* PBXFileSystemSynchronizedRootGroup */ = {
			isa = PBXFileSystemSynchronizedRootGroup;
			exceptions = (
				393283536DE23C7351F8EE5D /* PBXFileSystemSynchronizedBuildFileExceptionSet */,
			);
			path = src;
			sourceTree = SOURCE_ROOT;
		};
/* End PBXFileSystemSynchronizedRootGroup section */

/* Begin PBXFrameworksBuildPhase section */
		39328C22B84BD298BA58714D /* Frameworks */ = {
			isa = PBXFrameworksBuildPhase;
			runOnlyForDeploymentPostprocessing = 0;
		};
/* End PBXFrameworksBuildPhase section */

/* Begin PBXGroup section */
		393285081A0CFECFBD1C2613 = {
			isa = PBXGroup;
			children = (
				39328DDC0ADDB7D3E94BA030 /* Products */,
				3932828801841158B0ECBD49 /* Info.plist */,
				3932829DBF51BBABB904748B /* PBXFileSystemSynchronizedRootGroup */,
			);
			sourceTree = "<group>";
		};
		39328DDC0ADDB7D3E94BA030 /* Products */ = {
			isa = PBXGroup;
			children = (
				39328EB19338E4C968938165 /* iosApp.app */,
			);
			name = Products;
			sourceTree = "<group>";
		};
/* End PBXGroup section */

/* Begin PBXNativeTarget section */
		39328533D0CE065BF4B94F89 /* app */ = {
			isa = PBXNativeTarget;
			buildConfigurationList = 393285F919542C808148B5B9 /* Build configuration list for PBXNativeTarget "app" */;
			buildPhases = (
				39328688721F461EA052737F /* Build Kotlin */,
				39328B0D6BF0CDA7332EA98C /* Sources */,
				39328C22B84BD298BA58714D /* Frameworks */,
				393282655F1B9FE38F516DCE /* Resources */,
			);
			buildRules = (
			);
			dependencies = (
			);
			fileSystemSynchronizedGroups = (
				3932829DBF51BBABB904748B /* PBXFileSystemSynchronizedRootGroup */,
			);
			name = app;
			productName = app;
			productReference = 39328EB19338E4C968938165 /* iosApp.app */;
			productType = "com.apple.product-type.application";
		};
/* End PBXNativeTarget section */

/* Begin PBXProject section */
		3932895BCEBFA73F62EC75EB /* Project object */ = {
			isa = PBXProject;
			buildConfigurationList = 39328C240DD6097238C2C2B9 /* Build configuration list for PBXProject "module" */;
			compatibilityVersion = "Xcode 3.2";
			developmentRegion = English;
			hasScannedForEncodings = 0;
			knownRegions = (
				en,
			);
			mainGroup = 393285081A0CFECFBD1C2613;
			productRefGroup = 39328DDC0ADDB7D3E94BA030 /* Products */;
			projectDirPath = "";
			projectRoot = "";
			targets = (
				39328533D0CE065BF4B94F89 /* app */,
			);
		};
/* End PBXProject section */

/* Begin PBXResourcesBuildPhase section */
		393282655F1B9FE38F516DCE /* Resources */ = {
			isa = PBXResourcesBuildPhase;
			runOnlyForDeploymentPostprocessing = 0;
		};
/* End PBXResourcesBuildPhase section */

/* Begin PBXShellScriptBuildPhase section */
		39328688721F461EA052737F /* Build Kotlin */ = {
			isa = PBXShellScriptBuildPhase;
			alwaysOutOfDate = 1;
			inputPaths = (
			);
			name = "Build Kotlin";
			outputPaths = (
			);
			runOnlyForDeploymentPostprocessing = 0;
			shellPath = /bin/sh;
			shellScript = "# !KOTLIN INTEGRATION STEP!\n# This script is managed by the Kotlin Toolchain, do not edit manually!\n\"${KOTLIN_CLI_WRAPPER_PATH}\" tool xcode-integration\n";
		};
/* End PBXShellScriptBuildPhase section */

/* Begin PBXSourcesBuildPhase section */
		39328B0D6BF0CDA7332EA98C /* Sources */ = {
			isa = PBXSourcesBuildPhase;
			runOnlyForDeploymentPostprocessing = 0;
		};
/* End PBXSourcesBuildPhase section */

/* Begin XCBuildConfiguration section */
		39328110846C43292C7EFAD0 /* Release */ = {
			isa = XCBuildConfiguration;
			buildSettings = {
				ALWAYS_SEARCH_USER_PATHS = NO;
				ASSETCATALOG_COMPILER_APPICON_NAME = AppIcon;
				CLANG_ENABLE_MODULES = YES;
				CLANG_ENABLE_OBJC_ARC = YES;
				ENABLE_USER_SCRIPT_SANDBOXING = NO;
				FRAMEWORK_SEARCH_PATHS = "$(inherited) $(TARGET_BUILD_DIR)/AmperFrameworks";
				INFOPLIST_FILE = src/Info.plist;
				KOTLIN_CLI_WRAPPER_PATH = ../kotlin;
				LD_RUNPATH_SEARCH_PATHS = "$(inherited) @executable_path/Frameworks @loader_path/Frameworks";
				PRODUCT_BUNDLE_IDENTIFIER = iosApp;
				PRODUCT_MODULE_NAME = app;
				PRODUCT_NAME = iosApp;
				SDKROOT = iphoneos;
				SWIFT_VERSION = 5.0;
				TARGETED_DEVICE_FAMILY = (
					1,
					2,
				);
			};
			name = Release;
		};
		393285F0B13038B6F0D3032C /* Debug */ = {
			isa = XCBuildConfiguration;
			buildSettings = {
				ALWAYS_SEARCH_USER_PATHS = NO;
				ASSETCATALOG_COMPILER_APPICON_NAME = AppIcon;
				CLANG_ENABLE_MODULES = YES;
				CLANG_ENABLE_OBJC_ARC = YES;
				ENABLE_TESTABILITY = YES;
				ENABLE_USER_SCRIPT_SANDBOXING = NO;
				FRAMEWORK_SEARCH_PATHS = "$(inherited) $(TARGET_BUILD_DIR)/AmperFrameworks";
				GCC_OPTIMIZATION_LEVEL = 0;
				INFOPLIST_FILE = src/Info.plist;
				KOTLIN_CLI_WRAPPER_PATH = ../kotlin;
				LD_RUNPATH_SEARCH_PATHS = "$(inherited) @executable_path/Frameworks @loader_path/Frameworks";
				ONLY_ACTIVE_ARCH = YES;
				PRODUCT_BUNDLE_IDENTIFIER = iosApp;
				PRODUCT_MODULE_NAME = app;
				PRODUCT_NAME = iosApp;
				SDKROOT = iphoneos;
				SWIFT_OPTIMIZATION_LEVEL = "-Onone";
				SWIFT_VERSION = 5.0;
				TARGETED_DEVICE_FAMILY = (
					1,
					2,
				);
			};
			name = Debug;
		};
		393288DC98F277B90655B05C /* Debug */ = {
			isa = XCBuildConfiguration;
			buildSettings = {
			};
			name = Debug;
		};
		39328A37F96D2BACADC6B97B /* Release */ = {
			isa = XCBuildConfiguration;
			buildSettings = {
			};
			name = Release;
		};
/* End XCBuildConfiguration section */

/* Begin XCConfigurationList section */
		393285F919542C808148B5B9 /* Build configuration list for PBXNativeTarget "app" */ = {
			isa = XCConfigurationList;
			buildConfigurations = (
				393285F0B13038B6F0D3032C /* Debug */,
				39328110846C43292C7EFAD0 /* Release */,
			);
			defaultConfigurationIsVisible = 0;
		};
		39328C240DD6097238C2C2B9 /* Build configuration list for PBXProject "module" */ = {
			isa = XCConfigurationList;
			buildConfigurations = (
				393288DC98F277B90655B05C /* Debug */,
				39328A37F96D2BACADC6B97B /* Release */,
			);
			defaultConfigurationIsVisible = 0;
			defaultConfigurationName = Release;
		};
/* End XCConfigurationList section */
	};
	rootObject = 3932895BCEBFA73F62EC75EB /* Project object */;
}
